{
  "name": "hi_tauri",
  "lockfileVersion": 2,
  "requires": true,
  "packages": {
    "": {
      "name": "hi_tauri",
      "devDependencies": {
        "@tauri-apps/cli": "^0.0.0"
      }
    },
    "node_modules/@tauri-apps/cli": {
      "version": "0.0.0",
      "resolved": "https://registry.npmjs.org/@tauri-apps/cli/-/cli-0.0.0.tgz",
      "integrity": "sha512-IRN7kNoFW/nZzNmKyKMGWjfukWJcOXe+o7Oxdgpoi6dW2yRWxhcBeu/BXU+3j5x7LJAKRDB/5hBiKkgw17CWTA==",
      "dev": true
    }
  },
  "dependencies": {
    "@tauri-apps/cli": {
      "version": "0.0.0",
      "resolved": "https://registry.npmjs.org/@tauri-apps/cli/-/cli-0.0.0.tgz",
      "integrity": "sha512-IRN7kNoFW/nZzNmKyKMGWjfukWJcOXe+o7Oxdgpoi6dW2yRWxhcBeu/BXU+3j5x7LJAKRDB/5hBiKkgw17CWTA==",
      "dev": true
    }
  }
}
